// !$*UTF8*$!
{
	archiveVersion = 1;
	classes = {
	};
	objectVersion = 56;
	objects = {

/* Begin PBXBuildFile section */
		6225256C2BBEA72700CEEBB0 /* AppDelegate.swift in Sources */ = {isa = PBXBuildFile; fileRef = 6225256B2BBEA72700CEEBB0 /* AppDelegate.swift */; };
		6225256E2BBEA72700CEEBB0 /* SceneDelegate.swift in Sources */ = {isa = PBXBuildFile; fileRef = 6225256D2BBEA72700CEEBB0 /* SceneDelegate.swift */; };
		622525702BBEA72700CEEBB0 /* MagneticViewController.swift in Sources */ = {isa = PBXBuildFile; fileRef = 6225256F2BBEA72700CEEBB0 /* MagneticViewController.swift */; };
		622525752BBEA72A00CEEBB0 /* Assets.xcassets in Resources */ = {isa = PBXBuildFile; fileRef = 622525742BBEA72A00CEEBB0 /* Assets.xcassets */; };
		622525782BBEA72A00CEEBB0 /* LaunchScreen.storyboard in Resources */ = {isa = PBXBuildFile; fileRef = 622525762BBEA72A00CEEBB0 /* LaunchScreen.storyboard */; };
		622525842BBEAB3F00CEEBB0 /* DetectionViewModel.swift in Sources */ = {isa = PBXBuildFile; fileRef = 622525832BBEAB3F00CEEBB0 /* DetectionViewModel.swift */; };
		622525862BBEAB6D00CEEBB0 /* DetectionViewController.swift in Sources */ = {isa = PBXBuildFile; fileRef = 622525852BBEAB6D00CEEBB0 /* DetectionViewController.swift */; };
		623A79D52BC8416800F1E2B5 /* MainViewController.swift in Sources */ = {isa = PBXBuildFile; fileRef = 623A79D42BC8416800F1E2B5 /* MainViewController.swift */; };
		623A79D72BC841CB00F1E2B5 /* MainControllerViewModel.swift in Sources */ = {isa = PBXBuildFile; fileRef = 623A79D62BC841CB00F1E2B5 /* MainControllerViewModel.swift */; };
		626C66932BC3099D006716B2 /* ModulesFactory.swift in Sources */ = {isa = PBXBuildFile; fileRef = 626C66922BC3099D006716B2 /* ModulesFactory.swift */; };
/* End PBXBuildFile section */

/* Begin PBXFileReference section */
		622525682BBEA72700CEEBB0 /* Magnetic.app */ = {isa = PBXFileReference; explicitFileType = wrapper.application; includeInIndex = 0; path = Magnetic.app; sourceTree = BUILT_PRODUCTS_DIR; };
		6225256B2BBEA72700CEEBB0 /* AppDelegate.swift */ = {isa = PBXFileReference; lastKnownFileType = sourcecode.swift; path = AppDelegate.swift; sourceTree = "<group>"; };
		6225256D2BBEA72700CEEBB0 /* SceneDelegate.swift */ = {isa = PBXFileReference; lastKnownFileType = sourcecode.swift; path = SceneDelegate.swift; sourceTree = "<group>"; };
		6225256F2BBEA72700CEEBB0 /* MagneticViewController.swift */ = {isa = PBXFileReference; lastKnownFileType = sourcecode.swift; path = MagneticViewController.swift; sourceTree = "<group>"; };
		622525742BBEA72A00CEEBB0 /* Assets.xcassets */ = {isa = PBXFileReference; lastKnownFileType = folder.assetcatalog; path = Assets.xcassets; sourceTree = "<group>"; };
		622525772BBEA72A00CEEBB0 /* Base */ = {isa = PBXFileReference; lastKnownFileType = file.storyboard; name = Base; path = Base.lproj/LaunchScreen.storyboard; sourceTree = "<group>"; };
		622525792BBEA72A00CEEBB0 /* Info.plist */ = {isa = PBXFileReference; lastKnownFileType = text.plist.xml; path = Info.plist; sourceTree = "<group>"; };
		622525832BBEAB3F00CEEBB0 /* DetectionViewModel.swift */ = {isa = PBXFileReference; lastKnownFileType = sourcecode.swift; path = DetectionViewModel.swift; sourceTree = "<group>"; };
		622525852BBEAB6D00CEEBB0 /* DetectionViewController.swift */ = {isa = PBXFileReference; lastKnownFileType = sourcecode.swift; path = DetectionViewController.swift; sourceTree = "<group>"; };
		623A79D42BC8416800F1E2B5 /* MainViewController.swift */ = {isa = PBXFileReference; lastKnownFileType = sourcecode.swift; path = MainViewController.swift; sourceTree = "<group>"; };
		623A79D62BC841CB00F1E2B5 /* MainControllerViewModel.swift */ = {isa = PBXFileReference; lastKnownFileType = sourcecode.swift; path = MainControllerViewModel.swift; sourceTree = "<group>"; };
		626C66922BC3099D006716B2 /* ModulesFactory.swift */ = {isa = PBXFileReference; lastKnownFileType = sourcecode.swift; path = ModulesFactory.swift; sourceTree = "<group>"; };
/* End PBXFileReference section */

/* Begin PBXFrameworksBuildPhase section */
		622525652BBEA72700CEEBB0 /* Frameworks */ = {
			isa = PBXFrameworksBuildPhase;
			buildActionMask = 2147483647;
			files = (
			);
			runOnlyForDeploymentPostprocessing = 0;
		};
/* End PBXFrameworksBuildPhase section */

/* Begin PBXGroup section */
		6225255F2BBEA72700CEEBB0 = {
			isa = PBXGroup;
			children = (
				6225256A2BBEA72700CEEBB0 /* Magnetic */,
				622525692BBEA72700CEEBB0 /* Products */,
			);
			sourceTree = "<group>";
		};
		622525692BBEA72700CEEBB0 /* Products */ = {
			isa = PBXGroup;
			children = (
				622525682BBEA72700CEEBB0 /* Magnetic.app */,
			);
			name = Products;
			sourceTree = "<group>";
		};
		6225256A2BBEA72700CEEBB0 /* Magnetic */ = {
			isa = PBXGroup;
			children = (
				6225257F2BBEA90B00CEEBB0 /* Application */,
				622525812BBEA92600CEEBB0 /* ViewControllers */,
				622525802BBEA91400CEEBB0 /* ViewModel */,
				626C66942BC309BE006716B2 /* ModulesFactory */,
				622525822BBEA93400CEEBB0 /* Resources */,
			);
			path = Magnetic;
			sourceTree = "<group>";
		};
		6225257F2BBEA90B00CEEBB0 /* Application */ = {
			isa = PBXGroup;
			children = (
				6225256B2BBEA72700CEEBB0 /* AppDelegate.swift */,
				6225256D2BBEA72700CEEBB0 /* SceneDelegate.swift */,
			);
			path = Application;
			sourceTree = "<group>";
		};
		622525802BBEA91400CEEBB0 /* ViewModel */ = {
			isa = PBXGroup;
			children = (
				622525832BBEAB3F00CEEBB0 /* DetectionViewModel.swift */,
				623A79D62BC841CB00F1E2B5 /* MainControllerViewModel.swift */,
			);
			path = ViewModel;
			sourceTree = "<group>";
		};
		622525812BBEA92600CEEBB0 /* ViewControllers */ = {
			isa = PBXGroup;
			children = (
				622525852BBEAB6D00CEEBB0 /* DetectionViewController.swift */,
				6225256F2BBEA72700CEEBB0 /* MagneticViewController.swift */,
				623A79D42BC8416800F1E2B5 /* MainViewController.swift */,
			);
			path = ViewControllers;
			sourceTree = "<group>";
		};
		622525822BBEA93400CEEBB0 /* Resources */ = {
			isa = PBXGroup;
			children = (
				622525742BBEA72A00CEEBB0 /* Assets.xcassets */,
				622525762BBEA72A00CEEBB0 /* LaunchScreen.storyboard */,
				622525792BBEA72A00CEEBB0 /* Info.plist */,
			);
			path = Resources;
			sourceTree = "<group>";
		};
		626C66942BC309BE006716B2 /* ModulesFactory */ = {
			isa = PBXGroup;
			children = (
				626C66922BC3099D006716B2 /* ModulesFactory.swift */,
			);
			path = ModulesFactory;
			sourceTree = "<group>";
		};
/* End PBXGroup section */

/* Begin PBXNativeTarget section */
		622525672BBEA72700CEEBB0 /* Magnetic */ = {
			isa = PBXNativeTarget;
			buildConfigurationList = 6225257C2BBEA72A00CEEBB0 /* Build configuration list for PBXNativeTarget "Magnetic" */;
			buildPhases = (
				622525642BBEA72700CEEBB0 /* Sources */,
				622525652BBEA72700CEEBB0 /* Frameworks */,
				622525662BBEA72700CEEBB0 /* Resources */,
			);
			buildRules = (
			);
			dependencies = (
			);
			name = Magnetic;
			productName = Magnetic;
			productReference = 622525682BBEA72700CEEBB0 /* Magnetic.app */;
			productType = "com.apple.product-type.application";
		};
/* End PBXNativeTarget section */

/* Begin PBXProject section */
		622525602BBEA72700CEEBB0 /* Project object */ = {
			isa = PBXProject;
			attributes = {
				BuildIndependentTargetsInParallel = 1;
				LastSwiftUpdateCheck = 1520;
				LastUpgradeCheck = 1520;
				TargetAttributes = {
					622525672BBEA72700CEEBB0 = {
						CreatedOnToolsVersion = 15.2;
					};
				};
			};
			buildConfigurationList = 622525632BBEA72700CEEBB0 /* Build configuration list for PBXProject "Magnetic" */;
			compatibilityVersion = "Xcode 14.0";
			developmentRegion = en;
			hasScannedForEncodings = 0;
			knownRegions = (
				en,
				Base,
			);
			mainGroup = 6225255F2BBEA72700CEEBB0;
			productRefGroup = 622525692BBEA72700CEEBB0 /* Products */;
			projectDirPath = "";
			projectRoot = "";
			targets = (
				622525672BBEA72700CEEBB0 /* Magnetic */,
			);
		};
/* End PBXProject section */

/* Begin PBXResourcesBuildPhase section */
		622525662BBEA72700CEEBB0 /* Resources */ = {
			isa = PBXResourcesBuildPhase;
			buildActionMask = 2147483647;
			files = (
				622525782BBEA72A00CEEBB0 /* LaunchScreen.storyboard in Resources */,
				622525752BBEA72A00CEEBB0 /* Assets.xcassets in Resources */,
			);
			runOnlyForDeploymentPostprocessing = 0;
		};
/* End PBXResourcesBuildPhase section */

/* Begin PBXSourcesBuildPhase section */
		622525642BBEA72700CEEBB0 /* Sources */ = {
			isa = PBXSourcesBuildPhase;
			buildActionMask = 2147483647;
			files = (
				623A79D52BC8416800F1E2B5 /* MainViewController.swift in Sources */,
				622525702BBEA72700CEEBB0 /* MagneticViewController.swift in Sources */,
				622525862BBEAB6D00CEEBB0 /* DetectionViewController.swift in Sources */,
				6225256C2BBEA72700CEEBB0 /* AppDelegate.swift in Sources */,
				622525842BBEAB3F00CEEBB0 /* DetectionViewModel.swift in Sources */,
				623A79D72BC841CB00F1E2B5 /* MainControllerViewModel.swift in Sources */,
				626C66932BC3099D006716B2 /* ModulesFactory.swift in Sources */,
				6225256E2BBEA72700CEEBB0 /* SceneDelegate.swift in Sources */,
			);
			runOnlyForDeploymentPostprocessing = 0;
		};
/* End PBXSourcesBuildPhase section */

/* Begin PBXVariantGroup section */
		622525762BBEA72A00CEEBB0 /* LaunchScreen.storyboard */ = {
			isa = PBXVariantGroup;
			children = (
				622525772BBEA72A00CEEBB0 /* Base */,
			);
			name = LaunchScreen.storyboard;
			sourceTree = "<group>";
		};
/* End PBXVariantGroup section */

/* Begin XCBuildConfiguration section */
		6225257A2BBEA72A00CEEBB0 /* Debug */ = {
			isa = XCBuildConfiguration;
			buildSettings = {
				ALWAYS_SEARCH_USER_PATHS = NO;
				ASSETCATALOG_COMPILER_GENERATE_SWIFT_ASSET_SYMBOL_EXTENSIONS = YES;
				CLANG_ANALYZER_NONNULL = YES;
				CLANG_ANALYZER_NUMBER_OBJECT_CONVERSION = YES_AGGRESSIVE;
				CLANG_CXX_LANGUAGE_STANDARD = "gnu++20";
				CLANG_ENABLE_MODULES = YES;
				CLANG_ENABLE_OBJC_ARC = YES;
				CLANG_ENABLE_OBJC_WEAK = YES;
				CLANG_WARN_BLOCK_CAPTURE_AUTORELEASING = YES;
				CLANG_WARN_BOOL_CONVERSION = YES;
				CLANG_WARN_COMMA = YES;
				CLANG_WARN_CONSTANT_CONVERSION = YES;
				CLANG_WARN_DEPRECATED_OBJC_IMPLEMENTATIONS = YES;
				CLANG_WARN_DIRECT_OBJC_ISA_USAGE = YES_ERROR;
				CLANG_WARN_DOCUMENTATION_COMMENTS = YES;
				CLANG_WARN_EMPTY_BODY = YES;
				CLANG_WARN_ENUM_CONVERSION = YES;
				CLANG_WARN_INFINITE_RECURSION = YES;
				CLANG_WARN_INT_CONVERSION = YES;
				CLANG_WARN_NON_LITERAL_NULL_CONVERSION = YES;
				CLANG_WARN_OBJC_IMPLICIT_RETAIN_SELF = YES;
				CLANG_WARN_OBJC_LITERAL_CONVERSION = YES;
				CLANG_WARN_OBJC_ROOT_CLASS = YES_ERROR;
				CLANG_WARN_QUOTED_INCLUDE_IN_FRAMEWORK_HEADER = YES;
				CLANG_WARN_RANGE_LOOP_ANALYSIS = YES;
				CLANG_WARN_STRICT_PROTOTYPES = YES;
				CLANG_WARN_SUSPICIOUS_MOVE = YES;
				CLANG_WARN_UNGUARDED_AVAILABILITY = YES_AGGRESSIVE;
				CLANG_WARN_UNREACHABLE_CODE = YES;
				CLANG_WARN__DUPLICATE_METHOD_MATCH = YES;
				COPY_PHASE_STRIP = NO;
				DEBUG_INFORMATION_FORMAT = dwarf;
				ENABLE_STRICT_OBJC_MSGSEND = YES;
				ENABLE_TESTABILITY = YES;
				ENABLE_USER_SCRIPT_SANDBOXING = YES;
				GCC_C_LANGUAGE_STANDARD = gnu17;
				GCC_DYNAMIC_NO_PIC = NO;
				GCC_NO_COMMON_BLOCKS = YES;
				GCC_OPTIMIZATION_LEVEL = 0;
				GCC_PREPROCESSOR_DEFINITIONS = (
					"DEBUG=1",
					"$(inherited)",
				);
				GCC_WARN_64_TO_32_BIT_CONVERSION = YES;
				GCC_WARN_ABOUT_RETURN_TYPE = YES_ERROR;
				GCC_WARN_UNDECLARED_SELECTOR = YES;
				GCC_WARN_UNINITIALIZED_AUTOS = YES_AGGRESSIVE;
				GCC_WARN_UNUSED_FUNCTION = YES;
				GCC_WARN_UNUSED_VARIABLE = YES;
				IPHONEOS_DEPLOYMENT_TARGET = 17.2;
				LOCALIZATION_PREFERS_STRING_CATALOGS = YES;
				MTL_ENABLE_DEBUG_INFO = INCLUDE_SOURCE;
				MTL_FAST_MATH = YES;
				ONLY_ACTIVE_ARCH = YES;
				SDKROOT = iphoneos;
				SWIFT_ACTIVE_COMPILATION_CONDITIONS = "DEBUG $(inherited)";
				SWIFT_OPTIMIZATION_LEVEL = "-Onone";
			};
			name = Debug;
		};
		6225257B2BBEA72A00CEEBB0 /* Release */ = {
			isa = XCBuildConfiguration;
			buildSettings = {
				ALWAYS_SEARCH_USER_PATHS = NO;
				ASSETCATALOG_COMPILER_GENERATE_SWIFT_ASSET_SYMBOL_EXTENSIONS = YES;
				CLANG_ANALYZER_NONNULL = YES;
				CLANG_ANALYZER_NUMBER_OBJECT_CONVERSION = YES_AGGRESSIVE;
				CLANG_CXX_LANGUAGE_STANDARD = "gnu++20";
				CLANG_ENABLE_MODULES = YES;
				CLANG_ENABLE_OBJC_ARC = YES;
				CLANG_ENABLE_OBJC_WEAK = YES;
				CLANG_WARN_BLOCK_CAPTURE_AUTORELEASING = YES;
				CLANG_WARN_BOOL_CONVERSION = YES;
				CLANG_WARN_COMMA = YES;
				CLANG_WARN_CONSTANT_CONVERSION = YES;
				CLANG_WARN_DEPRECATED_OBJC_IMPLEMENTATIONS = YES;
				CLANG_WARN_DIRECT_OBJC_ISA_USAGE = YES_ERROR;
				CLANG_WARN_DOCUMENTATION_COMMENTS = YES;
				CLANG_WARN_EMPTY_BODY = YES;
				CLANG_WARN_ENUM_CONVERSION = YES;
				CLANG_WARN_INFINITE_RECURSION = YES;
				CLANG_WARN_INT_CONVERSION = YES;
				CLANG_WARN_NON_LITERAL_NULL_CONVERSION = YES;
				CLANG_WARN_OBJC_IMPLICIT_RETAIN_SELF = YES;
				CLANG_WARN_OBJC_LITERAL_CONVERSION = YES;
				CLANG_WARN_OBJC_ROOT_CLASS = YES_ERROR;
				CLANG_WARN_QUOTED_INCLUDE_IN_FRAMEWORK_HEADER = YES;
				CLANG_WARN_RANGE_LOOP_ANALYSIS = YES;
				CLANG_WARN_STRICT_PROTOTYPES = YES;
				CLANG_WARN_SUSPICIOUS_MOVE = YES;
				CLANG_WARN_UNGUARDED_AVAILABILITY = YES_AGGRESSIVE;
				CLANG_WARN_UNREACHABLE_CODE = YES;
				CLANG_WARN__DUPLICATE_METHOD_MATCH = YES;
				COPY_PHASE_STRIP = NO;
				DEBUG_INFORMATION_FORMAT = "dwarf-with-dsym";
				ENABLE_NS_ASSERTIONS = NO;
				ENABLE_STRICT_OBJC_MSGSEND = YES;
				ENABLE_USER_SCRIPT_SANDBOXING = YES;
				GCC_C_LANGUAGE_STANDARD = gnu17;
				GCC_NO_COMMON_BLOCKS = YES;
				GCC_WARN_64_TO_32_BIT_CONVERSION = YES;
				GCC_WARN_ABOUT_RETURN_TYPE = YES_ERROR;
				GCC_WARN_UNDECLARED_SELECTOR = YES;
				GCC_WARN_UNINITIALIZED_AUTOS = YES_AGGRESSIVE;
				GCC_WARN_UNUSED_FUNCTION = YES;
				GCC_WARN_UNUSED_VARIABLE = YES;
				IPHONEOS_DEPLOYMENT_TARGET = 17.2;
				LOCALIZATION_PREFERS_STRING_CATALOGS = YES;
				MTL_ENABLE_DEBUG_INFO = NO;
				MTL_FAST_MATH = YES;
				SDKROOT = iphoneos;
				SWIFT_COMPILATION_MODE = wholemodule;
				VALIDATE_PRODUCT = YES;
			};
			name = Release;
		};
		6225257D2BBEA72A00CEEBB0 /* Debug */ = {
			isa = XCBuildConfiguration;
			buildSettings = {
				ASSETCATALOG_COMPILER_APPICON_NAME = AppIcon;
				ASSETCATALOG_COMPILER_GLOBAL_ACCENT_COLOR_NAME = AccentColor;
				CODE_SIGN_STYLE = Automatic;
				CURRENT_PROJECT_VERSION = 1;
				DEVELOPMENT_TEAM = 65DPF7M952;
				GENERATE_INFOPLIST_FILE = YES;
				INFOPLIST_FILE = Magnetic/Resources/Info.plist;
				INFOPLIST_KEY_UIApplicationSupportsIndirectInputEvents = YES;
				INFOPLIST_KEY_UILaunchStoryboardName = LaunchScreen;
				INFOPLIST_KEY_UISupportedInterfaceOrientations = UIInterfaceOrientationPortrait;
				LD_RUNPATH_SEARCH_PATHS = (
					"$(inherited)",
					"@executable_path/Frameworks",
				);
				MARKETING_VERSION = 1.0;
				PRODUCT_BUNDLE_IDENTIFIER = vasylkhomenko.Magnetic;
				PRODUCT_NAME = "$(TARGET_NAME)";
				SWIFT_EMIT_LOC_STRINGS = YES;
				SWIFT_VERSION = 5.0;
				TARGETED_DEVICE_FAMILY = "1,2";
			};
			name = Debug;
		};
		6225257E2BBEA72A00CEEBB0 /* Release */ = {
			isa = XCBuildConfiguration;
			buildSettings = {
				ASSETCATALOG_COMPILER_APPICON_NAME = AppIcon;
				ASSETCATALOG_COMPILER_GLOBAL_ACCENT_COLOR_NAME = AccentColor;
				CODE_SIGN_STYLE = Automatic;
				CURRENT_PROJECT_VERSION = 1;
				DEVELOPMENT_TEAM = 65DPF7M952;
				GENERATE_INFOPLIST_FILE = YES;
				INFOPLIST_FILE = Magnetic/Resources/Info.plist;
				INFOPLIST_KEY_UIApplicationSupportsIndirectInputEvents = YES;
				INFOPLIST_KEY_UILaunchStoryboardName = LaunchScreen;
				INFOPLIST_KEY_UISupportedInterfaceOrientations = UIInterfaceOrientationPortrait;
				LD_RUNPATH_SEARCH_PATHS = (
					"$(inherited)",
					"@executable_path/Frameworks",
				);
				MARKETING_VERSION = 1.0;
				PRODUCT_BUNDLE_IDENTIFIER = vasylkhomenko.Magnetic;
				PRODUCT_NAME = "$(TARGET_NAME)";
				SWIFT_EMIT_LOC_STRINGS = YES;
				SWIFT_VERSION = 5.0;
				TARGETED_DEVICE_FAMILY = "1,2";
			};
			name = Release;
		};
/* End XCBuildConfiguration section */

/* Begin XCConfigurationList section */
		622525632BBEA72700CEEBB0 /* Build configuration list for PBXProject "Magnetic" */ = {
			isa = XCConfigurationList;
			buildConfigurations = (
				6225257A2BBEA72A00CEEBB0 /* Debug */,
				6225257B2BBEA72A00CEEBB0 /* Release */,
			);
			defaultConfigurationIsVisible = 0;
			defaultConfigurationName = Release;
		};
		6225257C2BBEA72A00CEEBB0 /* Build configuration list for PBXNativeTarget "Magnetic" */ = {
			isa = XCConfigurationList;
			buildConfigurations = (
				6225257D2BBEA72A00CEEBB0 /* Debug */,
				6225257E2BBEA72A00CEEBB0 /* Release */,
			);
			defaultConfigurationIsVisible = 0;
			defaultConfigurationName = Release;
		};
/* End XCConfigurationList section */
	};
	rootObject = 622525602BBEA72700CEEBB0 /* Project object */;
}
